PODS:
  - Amplify (1.23.0):
    - Amplify/Default (= 1.23.0)
  - Amplify/Default (1.23.0)
  - amplify_analytics_pinpoint_ios (0.0.1):
    - Amplify (= 1.23.0)
    - amplify_flutter_ios
    - AmplifyPlugins/AWSPinpointAnalyticsPlugin (= 1.23.0)
    - Flutter
  - amplify_api_ios (0.0.1):
    - Amplify (= 1.23.0)
    - amplify_flutter_ios
    - AmplifyPlugins/AWSAPIPlugin (= 1.23.0)
    - Flutter
  - amplify_auth_cognito_ios (0.0.1):
    - Amplify (= 1.23.0)
    - amplify_flutter_ios
    - Flutter
  - amplify_datastore (0.0.1):
    - Amplify (= 1.23.0)
    - amplify_flutter_ios
    - AmplifyPlugins/AWSDataStorePlugin (= 1.23.0)
    - Flutter
  - amplify_flutter_ios (0.0.1):
    - Amplify (= 1.23.0)
    - AWSPluginsCore (= 1.23.0)
    - Flutter
  - amplify_storage_s3_ios (0.0.1):
    - Amplify (= 1.23.0)
    - amplify_flutter_ios
    - AmplifyPlugins/AWSS3StoragePlugin (= 1.23.0)
    - Flutter
  - AmplifyPlugins/AWSAPIPlugin (1.23.0):
    - AppSyncRealTimeClient (~> 1.8)
    - AWSCore (~> 2.27.0)
    - AWSPluginsCore (= 1.23.0)
  - AmplifyPlugins/AWSDataStorePlugin (1.23.0):
    - AWSCore (~> 2.27.0)
    - AWSPluginsCore (= 1.23.0)
    - SQLite.swift (= 0.13.2)
  - AmplifyPlugins/AWSPinpointAnalyticsPlugin (1.23.0):
    - AWSCore (~> 2.27.0)
    - AWSPinpoint (~> 2.27.0)
    - AWSPluginsCore (= 1.23.0)
  - AmplifyPlugins/AWSS3StoragePlugin (1.23.0):
    - AWSCore (~> 2.27.0)
    - AWSPluginsCore (= 1.23.0)
    - AWSS3 (~> 2.27.0)
  - AppSyncRealTimeClient (1.10.0):
    - Starscream (~> 4.0.4)
  - AWSCore (2.27.13)
  - AWSPinpoint (2.27.13):
    - AWSCore (= 2.27.13)
  - AWSPluginsCore (1.23.0):
    - Amplify (= 1.23.0)
    - AWSCore (~> 2.27.0)
  - AWSS3 (2.27.13):
    - AWSCore (= 2.27.13)
  - Flutter (1.0.0)
  - flutter_image_compress (1.0.0):
    - Flutter
    - Mantle
    - SDWebImage
    - SDWebImageWebPCoder
  - flutter_keyboard_visibility (0.0.1):
    - Flutter
  - image_picker_ios (0.0.1):
    - Flutter
  - integration_test (0.0.1):
    - Flutter
  - libwebp (1.2.3):
    - libwebp/demux (= 1.2.3)
    - libwebp/mux (= 1.2.3)
    - libwebp/webp (= 1.2.3)
  - libwebp/demux (1.2.3):
    - libwebp/webp
  - libwebp/mux (1.2.3):
    - libwebp/demux
  - libwebp/webp (1.2.3)
  - Mantle (2.2.0):
    - Mantle/extobjc (= 2.2.0)
  - Mantle/extobjc (2.2.0)
  - path_provider_ios (0.0.1):
    - Flutter
  - SDWebImage (5.13.2):
    - SDWebImage/Core (= 5.13.2)
  - SDWebImage/Core (5.13.2)
  - SDWebImageWebPCoder (0.9.0):
    - libwebp (~> 1.0)
    - SDWebImage/Core (~> 5.13)
  - SQLite.swift (0.13.2):
    - SQLite.swift/standard (= 0.13.2)
  - SQLite.swift/standard (0.13.2)
  - Starscream (4.0.4)
  - url_launcher_ios (0.0.1):
    - Flutter

DEPENDENCIES:
  - amplify_analytics_pinpoint_ios (from `.symlinks/plugins/amplify_analytics_pinpoint_ios/ios`)
  - amplify_api_ios (from `.symlinks/plugins/amplify_api_ios/ios`)
  - amplify_auth_cognito_ios (from `.symlinks/plugins/amplify_auth_cognito_ios/ios`)
  - amplify_datastore (from `.symlinks/plugins/amplify_datastore/ios`)
  - amplify_flutter_ios (from `.symlinks/plugins/amplify_flutter_ios/ios`)
  - amplify_storage_s3_ios (from `.symlinks/plugins/amplify_storage_s3_ios/ios`)
  - Flutter (from `Flutter`)
  - flutter_image_compress (from `.symlinks/plugins/flutter_image_compress/ios`)
  - flutter_keyboard_visibility (from `.symlinks/plugins/flutter_keyboard_visibility/ios`)
  - image_picker_ios (from `.symlinks/plugins/image_picker_ios/ios`)
  - integration_test (from `.symlinks/plugins/integration_test/ios`)
  - path_provider_ios (from `.symlinks/plugins/path_provider_ios/ios`)
  - url_launcher_ios (from `.symlinks/plugins/url_launcher_ios/ios`)

SPEC REPOS:
  trunk:
    - Amplify
    - AmplifyPlugins
    - AppSyncRealTimeClient
    - AWSCore
    - AWSPinpoint
    - AWSPluginsCore
    - AWSS3
    - libwebp
    - Mantle
    - SDWebImage
    - SDWebImageWebPCoder
    - SQLite.swift
    - Starscream

EXTERNAL SOURCES:
  amplify_analytics_pinpoint_ios:
    :path: ".symlinks/plugins/amplify_analytics_pinpoint_ios/ios"
  amplify_api_ios:
    :path: ".symlinks/plugins/amplify_api_ios/ios"
  amplify_auth_cognito_ios:
    :path: ".symlinks/plugins/amplify_auth_cognito_ios/ios"
  amplify_datastore:
    :path: ".symlinks/plugins/amplify_datastore/ios"
  amplify_flutter_ios:
    :path: ".symlinks/plugins/amplify_flutter_ios/ios"
  amplify_storage_s3_ios:
    :path: ".symlinks/plugins/amplify_storage_s3_ios/ios"
  Flutter:
    :path: Flutter
  flutter_image_compress:
    :path: ".symlinks/plugins/flutter_image_compress/ios"
  flutter_keyboard_visibility:
    :path: ".symlinks/plugins/flutter_keyboard_visibility/ios"
  image_picker_ios:
    :path: ".symlinks/plugins/image_picker_ios/ios"
  integration_test:
    :path: ".symlinks/plugins/integration_test/ios"
  path_provider_ios:
    :path: ".symlinks/plugins/path_provider_ios/ios"
  url_launcher_ios:
    :path: ".symlinks/plugins/url_launcher_ios/ios"

SPEC CHECKSUMS:
  Amplify: 010d6a71db20812d9e3062db1fe827393d01e584
  amplify_analytics_pinpoint_ios: c99f9930f18303e7c1fe1c0763674239ef97c568
  amplify_api_ios: d888bc1f0cfb4a86e780b7fe9fdff2645b1927da
  amplify_auth_cognito_ios: 672d66106aa0a3f3b014f24e58563031736eca4f
  amplify_datastore: 5e17ea5f25f810b9bfafb465b957459bece7a60f
  amplify_flutter_ios: b850afebaa322d97d55aae63851fb8209ea36743
  amplify_storage_s3_ios: 04d453c5c3615d4e0824259c4fe1b861222db968
  AmplifyPlugins: d939707cf36dfcd53c5fd6533e842e323a2287ab
  AppSyncRealTimeClient: 656ab4215e05f6ca47fe6d8c73f416d9984a8aac
  AWSCore: 05edadb5f3d0b92a50ea8c66b06f1a10477878da
  AWSPinpoint: 8286f5d8bd8de530b63da162a819604980895afb
  AWSPluginsCore: 120cfa265293694921b6595fe00d1cb5ab558847
  AWSS3: 0ce6101e04b1c8a72eec165155e2f1da43d7229b
  Flutter: 50d75fe2f02b26cc09d224853bb45737f8b3214a
  flutter_image_compress: 5a5e9aee05b6553048b8df1c3bc456d0afaac433
  flutter_keyboard_visibility: 0339d06371254c3eb25eeb90ba8d17dca8f9c069
  image_picker_ios: b786a5dcf033a8336a657191401bfdf12017dabb
  integration_test: a1e7d09bd98eca2fc37aefd79d4f41ad37bdbbe5
  libwebp: 60305b2e989864154bd9be3d772730f08fc6a59c
  Mantle: c5aa8794a29a022dfbbfc9799af95f477a69b62d
  path_provider_ios: 14f3d2fd28c4fdb42f44e0f751d12861c43cee02
  SDWebImage: 72f86271a6f3139cc7e4a89220946489d4b9a866
  SDWebImageWebPCoder: 3dc350894112feab5375cfba9ce0986544a66a69
  SQLite.swift: 4fc2be46c36392e3b87afe6fe7f1801c1daa07ef
  Starscream: 5178aed56b316f13fa3bc55694e583d35dd414d9
  url_launcher_ios: 839c58cdb4279282219f5e248c3321761ff3c4de

PODFILE CHECKSUM: cc1f88378b4bfcf93a6ce00d2c587857c6008d3b

COCOAPODS: 1.11.3
